{
  "name": "email-sender",
  "version": "0.0.0",
  "lockfileVersion": 3,
  "requires": true,
  "packages": {
    "": {
      "name": "email-sender",
      "version": "0.0.0",
      "license": "ISC",
      "dependencies": {
        "nodemailer": "^6.9.4"
      },
      "devDependencies": {
        "@types/nodemailer": "^6.4.9"
      }
    },
    "node_modules/@types/node": {
      "version": "20.5.6",
      "resolved": "https://registry.npmjs.org/@types/node/-/node-20.5.6.tgz",
      "integrity": "sha512-Gi5wRGPbbyOTX+4Y2iULQ27oUPrefaB0PxGQJnfyWN3kvEDGM3mIB5M/gQLmitZf7A9FmLeaqxD3L1CXpm3VKQ==",
      "dev": true
    },
    "node_modules/@types/nodemailer": {
      "version": "6.4.9",
      "resolved": "https://registry.npmjs.org/@types/nodemailer/-/nodemailer-6.4.9.tgz",
      "integrity": "sha512-XYG8Gv+sHjaOtUpiuytahMy2mM3rectgroNbs6R3djZEKmPNiIJwe9KqOJBGzKKnNZNKvnuvmugBgpq3w/S0ig==",
      "dev": true,
      "dependencies": {
        "@types/node": "*"
      }
    },
    "node_modules/nodemailer": {
      "version": "6.9.4",
      "resolved": "https://registry.npmjs.org/nodemailer/-/nodemailer-6.9.4.tgz",
      "integrity": "sha512-CXjQvrQZV4+6X5wP6ZIgdehJamI63MFoYFGGPtHudWym9qaEHDNdPzaj5bfMCvxG1vhAileSWW90q7nL0N36mA==",
      "engines": {
        "node": ">=6.0.0"
      }
    }
  }
}
